
Microsoft Visual Studio Solution File, Format Version 12.00
# Visual Studio 15
VisualStudioVersion = 15.0.26430.13
MinimumVisualStudioVersion = 10.0.40219.1
Project("{FAE04EC0-301F-11D3-BF4B-00C04F79EFBC}") = "NFCManager", "NFCManager\NFCManager.csproj", "{C1BF1319-39A2-4E06-A51D-5315FAE96EF5}"
EndProject
Global
	GlobalSection(SolutionConfigurationPlatforms) = preSolution
		Debug|Any CPU = Debug|Any CPU
		Release|Any CPU = Release|Any CPU
	EndGlobalSection
	GlobalSection(ProjectConfigurationPlatforms) = postSolution
		{C1BF1319-39A2-4E06-A51D-5315FAE96EF5}.Debug|Any CPU.ActiveCfg = Debug|Any CPU
		{C1BF1319-39A2-4E06-A51D-5315FAE96EF5}.Debug|Any CPU.Build.0 = Debug|Any CPU
		{C1BF1319-39A2-4E06-A51D-5315FAE96EF5}.Release|Any CPU.ActiveCfg = Release|Any CPU
		{C1BF1319-39A2-4E06-A51D-5315FAE96EF5}.Release|Any CPU.Build.0 = Release|Any CPU
	EndGlobalSection
	GlobalSection(SolutionProperties) = preSolution
		HideSolutionNode = FALSE
	EndGlobalSection
EndGlobal
